Microsoft Visual Studio Solution File, Format Version 12.00
# Visual Studio Version 17
VisualStudioVersion = 17.5.2.0
MinimumVisualStudioVersion = 10.0.40219.1
Project("{FAE04EC0-301F-11D3-BF4B-00C04F79EFBC}") = "SecureTaskAPI", "SecureTaskAPI\SecureTaskAPI.csproj", "{91DACACE-12F7-0515-BDEB-E7B2DC031876}"
EndProject
Global
	GlobalSection(SolutionConfigurationPlatforms) = preSolution
		Debug|Any CPU = Debug|Any CPU
		Release|Any CPU = Release|Any CPU
	EndGlobalSection
	GlobalSection(ProjectConfigurationPlatforms) = postSolution
		{91DACACE-12F7-0515-BDEB-E7B2DC031876}.Debug|Any CPU.ActiveCfg = Debug|Any CPU
		{91DACACE-12F7-0515-BDEB-E7B2DC031876}.Debug|Any CPU.Build.0 = Debug|Any CPU
		{91DACACE-12F7-0515-BDEB-E7B2DC031876}.Release|Any CPU.ActiveCfg = Release|Any CPU
		{91DACACE-12F7-0515-BDEB-E7B2DC031876}.Release|Any CPU.Build.0 = Release|Any CPU
	EndGlobalSection
	GlobalSection(SolutionProperties) = preSolution
		HideSolutionNode = FALSE
	EndGlobalSection
	GlobalSection(ExtensibilityGlobals) = postSolution
		SolutionGuid = {95F552DA-679A-40C5-A5C1-1F3ABD826EB6}
	EndGlobalSection
EndGlobal
